// !$*UTF8*$!
{
	archiveVersion = 1;
	classes = {
	};
	objectVersion = 55;
	objects = {

/* Begin PBXBuildFile section */
		030A7CAEA46ABF3C7941134C /* Pods_UBER_CLONE_UIKIT_TRAINING.framework in Frameworks */ = {isa = PBXBuildFile; fileRef = 4C592B529F6D889F2BF6EFFB /* Pods_UBER_CLONE_UIKIT_TRAINING.framework */; };
		4610E845280B41EF007B0D3B /* GlobalVariables.swift in Sources */ = {isa = PBXBuildFile; fileRef = 4610E844280B41EF007B0D3B /* GlobalVariables.swift */; };
		4617FFB8280962C600C1A40E /* RegisterProtocol.swift in Sources */ = {isa = PBXBuildFile; fileRef = 4617FFB7280962C600C1A40E /* RegisterProtocol.swift */; };
		4617FFBA280963B600C1A40E /* RegisterService.swift in Sources */ = {isa = PBXBuildFile; fileRef = 4617FFB9280963B600C1A40E /* RegisterService.swift */; };
		4617FFBD2809975300C1A40E /* UserType.swift in Sources */ = {isa = PBXBuildFile; fileRef = 4617FFBC2809975300C1A40E /* UserType.swift */; };
		4617FFC22809A42E00C1A40E /* RegisterView.swift in Sources */ = {isa = PBXBuildFile; fileRef = 4617FFC12809A42E00C1A40E /* RegisterView.swift */; };
		4617FFCA2809B13200C1A40E /* GoogleService-Info.plist in Resources */ = {isa = PBXBuildFile; fileRef = 4617FFC92809B13200C1A40E /* GoogleService-Info.plist */; };
		4617FFCC2809B1D100C1A40E /* LoginProtocol.swift in Sources */ = {isa = PBXBuildFile; fileRef = 4617FFCB2809B1D100C1A40E /* LoginProtocol.swift */; };
		4617FFCE2809B21E00C1A40E /* LoginService.swift in Sources */ = {isa = PBXBuildFile; fileRef = 4617FFCD2809B21E00C1A40E /* LoginService.swift */; };
		4617FFD62809B50200C1A40E /* HomeViewController.swift in Sources */ = {isa = PBXBuildFile; fileRef = 4617FFD52809B50200C1A40E /* HomeViewController.swift */; };
		4617FFD82809FA0200C1A40E /* LocationManager.swift in Sources */ = {isa = PBXBuildFile; fileRef = 4617FFD72809FA0200C1A40E /* LocationManager.swift */; };
		4617FFDA2809FDB500C1A40E /* HomeView.swift in Sources */ = {isa = PBXBuildFile; fileRef = 4617FFD92809FDB500C1A40E /* HomeView.swift */; };
		4617FFDC2809FDF600C1A40E /* LocationInputActivasionView.swift in Sources */ = {isa = PBXBuildFile; fileRef = 4617FFDB2809FDF600C1A40E /* LocationInputActivasionView.swift */; };
		4617FFDE280A0F1F00C1A40E /* LocationInputView.swift in Sources */ = {isa = PBXBuildFile; fileRef = 4617FFDD280A0F1F00C1A40E /* LocationInputView.swift */; };
		462317EA280AAD0C009C613C /* CellWithSubtitleTableViewCell.swift in Sources */ = {isa = PBXBuildFile; fileRef = 462317E9280AAD0C009C613C /* CellWithSubtitleTableViewCell.swift */; };
		462317EC280AC42C009C613C /* HomeProtocol.swift in Sources */ = {isa = PBXBuildFile; fileRef = 462317EB280AC42C009C613C /* HomeProtocol.swift */; };
		462317EE280AC478009C613C /* UserModel.swift in Sources */ = {isa = PBXBuildFile; fileRef = 462317ED280AC478009C613C /* UserModel.swift */; };
		462317F0280AC558009C613C /* HomeService.swift in Sources */ = {isa = PBXBuildFile; fileRef = 462317EF280AC558009C613C /* HomeService.swift */; };
		467780ED280820B7005FDF49 /* RoundedRectangleButton.swift in Sources */ = {isa = PBXBuildFile; fileRef = 467780EC280820B7005FDF49 /* RoundedRectangleButton.swift */; };
		467780F228082DC6005FDF49 /* RegisterController.swift in Sources */ = {isa = PBXBuildFile; fileRef = 467780F128082DC6005FDF49 /* RegisterController.swift */; };
		46DE3EBA280618DB00068079 /* AppDelegate.swift in Sources */ = {isa = PBXBuildFile; fileRef = 46DE3EB9280618DB00068079 /* AppDelegate.swift */; };
		46DE3EBC280618DB00068079 /* SceneDelegate.swift in Sources */ = {isa = PBXBuildFile; fileRef = 46DE3EBB280618DB00068079 /* SceneDelegate.swift */; };
		46DE3EC3280618DC00068079 /* Assets.xcassets in Resources */ = {isa = PBXBuildFile; fileRef = 46DE3EC2280618DC00068079 /* Assets.xcassets */; };
		46DE3EC6280618DC00068079 /* LaunchScreen.storyboard in Resources */ = {isa = PBXBuildFile; fileRef = 46DE3EC4280618DC00068079 /* LaunchScreen.storyboard */; };
		46DE3EDF2806278E00068079 /* LoginController.swift in Sources */ = {isa = PBXBuildFile; fileRef = 46DE3EDE2806278E00068079 /* LoginController.swift */; };
		46DE3EE128062B6500068079 /* Main.storyboard in Resources */ = {isa = PBXBuildFile; fileRef = 46DE3EE028062B6500068079 /* Main.storyboard */; };
		46DE3EE328063D4F00068079 /* UIViewExtensions.swift in Sources */ = {isa = PBXBuildFile; fileRef = 46DE3EE228063D4F00068079 /* UIViewExtensions.swift */; };
		46E3EABF2806F6C100667769 /* CustomLabel.swift in Sources */ = {isa = PBXBuildFile; fileRef = 46E3EABE2806F6C100667769 /* CustomLabel.swift */; };
		46E3EAC22806FB4A00667769 /* CustomStacks.swift in Sources */ = {isa = PBXBuildFile; fileRef = 46E3EAC12806FB4A00667769 /* CustomStacks.swift */; };
		46E3EAC52807327B00667769 /* CustomTextFields.swift in Sources */ = {isa = PBXBuildFile; fileRef = 46E3EAC42807327B00667769 /* CustomTextFields.swift */; };
/* End PBXBuildFile section */

/* Begin PBXFileReference section */
		221BDDD4F250B46C11C1CAFF /* Pods-UBER-CLONE-UIKIT-TRAINING.debug.xcconfig */ = {isa = PBXFileReference; includeInIndex = 1; lastKnownFileType = text.xcconfig; name = "Pods-UBER-CLONE-UIKIT-TRAINING.debug.xcconfig"; path = "Target Support Files/Pods-UBER-CLONE-UIKIT-TRAINING/Pods-UBER-CLONE-UIKIT-TRAINING.debug.xcconfig"; sourceTree = "<group>"; };
		4610E844280B41EF007B0D3B /* GlobalVariables.swift */ = {isa = PBXFileReference; lastKnownFileType = sourcecode.swift; path = GlobalVariables.swift; sourceTree = "<group>"; };
		4617FFB7280962C600C1A40E /* RegisterProtocol.swift */ = {isa = PBXFileReference; lastKnownFileType = sourcecode.swift; path = RegisterProtocol.swift; sourceTree = "<group>"; };
		4617FFB9280963B600C1A40E /* RegisterService.swift */ = {isa = PBXFileReference; lastKnownFileType = sourcecode.swift; path = RegisterService.swift; sourceTree = "<group>"; };
		4617FFBC2809975300C1A40E /* UserType.swift */ = {isa = PBXFileReference; lastKnownFileType = sourcecode.swift; path = UserType.swift; sourceTree = "<group>"; };
		4617FFC12809A42E00C1A40E /* RegisterView.swift */ = {isa = PBXFileReference; lastKnownFileType = sourcecode.swift; path = RegisterView.swift; sourceTree = "<group>"; };
		4617FFC92809B13200C1A40E /* GoogleService-Info.plist */ = {isa = PBXFileReference; fileEncoding = 4; lastKnownFileType = text.plist.xml; path = "GoogleService-Info.plist"; sourceTree = "<group>"; };
		4617FFCB2809B1D100C1A40E /* LoginProtocol.swift */ = {isa = PBXFileReference; lastKnownFileType = sourcecode.swift; path = LoginProtocol.swift; sourceTree = "<group>"; };
		4617FFCD2809B21E00C1A40E /* LoginService.swift */ = {isa = PBXFileReference; lastKnownFileType = sourcecode.swift; path = LoginService.swift; sourceTree = "<group>"; };
		4617FFD52809B50200C1A40E /* HomeViewController.swift */ = {isa = PBXFileReference; lastKnownFileType = sourcecode.swift; path = HomeViewController.swift; sourceTree = "<group>"; };
		4617FFD72809FA0200C1A40E /* LocationManager.swift */ = {isa = PBXFileReference; lastKnownFileType = sourcecode.swift; path = LocationManager.swift; sourceTree = "<group>"; };
		4617FFD92809FDB500C1A40E /* HomeView.swift */ = {isa = PBXFileReference; lastKnownFileType = sourcecode.swift; path = HomeView.swift; sourceTree = "<group>"; };
		4617FFDB2809FDF600C1A40E /* LocationInputActivasionView.swift */ = {isa = PBXFileReference; lastKnownFileType = sourcecode.swift; path = LocationInputActivasionView.swift; sourceTree = "<group>"; };
		4617FFDD280A0F1F00C1A40E /* LocationInputView.swift */ = {isa = PBXFileReference; lastKnownFileType = sourcecode.swift; path = LocationInputView.swift; sourceTree = "<group>"; };
		462317E9280AAD0C009C613C /* CellWithSubtitleTableViewCell.swift */ = {isa = PBXFileReference; lastKnownFileType = sourcecode.swift; path = CellWithSubtitleTableViewCell.swift; sourceTree = "<group>"; };
		462317EB280AC42C009C613C /* HomeProtocol.swift */ = {isa = PBXFileReference; lastKnownFileType = sourcecode.swift; path = HomeProtocol.swift; sourceTree = "<group>"; };
		462317ED280AC478009C613C /* UserModel.swift */ = {isa = PBXFileReference; lastKnownFileType = sourcecode.swift; path = UserModel.swift; sourceTree = "<group>"; };
		462317EF280AC558009C613C /* HomeService.swift */ = {isa = PBXFileReference; lastKnownFileType = sourcecode.swift; path = HomeService.swift; sourceTree = "<group>"; };
		467780EC280820B7005FDF49 /* RoundedRectangleButton.swift */ = {isa = PBXFileReference; lastKnownFileType = sourcecode.swift; path = RoundedRectangleButton.swift; sourceTree = "<group>"; };
		467780F128082DC6005FDF49 /* RegisterController.swift */ = {isa = PBXFileReference; lastKnownFileType = sourcecode.swift; path = RegisterController.swift; sourceTree = "<group>"; };
		46DE3EB6280618DB00068079 /* UBER-CLONE-UIKIT-TRAINING.app */ = {isa = PBXFileReference; explicitFileType = wrapper.application; includeInIndex = 0; path = "UBER-CLONE-UIKIT-TRAINING.app"; sourceTree = BUILT_PRODUCTS_DIR; };
		46DE3EB9280618DB00068079 /* AppDelegate.swift */ = {isa = PBXFileReference; lastKnownFileType = sourcecode.swift; path = AppDelegate.swift; sourceTree = "<group>"; };
		46DE3EBB280618DB00068079 /* SceneDelegate.swift */ = {isa = PBXFileReference; lastKnownFileType = sourcecode.swift; path = SceneDelegate.swift; sourceTree = "<group>"; };
		46DE3EC2280618DC00068079 /* Assets.xcassets */ = {isa = PBXFileReference; lastKnownFileType = folder.assetcatalog; path = Assets.xcassets; sourceTree = "<group>"; };
		46DE3EC5280618DC00068079 /* Base */ = {isa = PBXFileReference; lastKnownFileType = file.storyboard; name = Base; path = Base.lproj/LaunchScreen.storyboard; sourceTree = "<group>"; };
		46DE3EC7280618DC00068079 /* Info.plist */ = {isa = PBXFileReference; lastKnownFileType = text.plist.xml; path = Info.plist; sourceTree = "<group>"; };
		46DE3EDE2806278E00068079 /* LoginController.swift */ = {isa = PBXFileReference; lastKnownFileType = sourcecode.swift; path = LoginController.swift; sourceTree = "<group>"; };
		46DE3EE028062B6500068079 /* Main.storyboard */ = {isa = PBXFileReference; lastKnownFileType = file.storyboard; path = Main.storyboard; sourceTree = "<group>"; };
		46DE3EE228063D4F00068079 /* UIViewExtensions.swift */ = {isa = PBXFileReference; lastKnownFileType = sourcecode.swift; path = UIViewExtensions.swift; sourceTree = "<group>"; };
		46E3EABE2806F6C100667769 /* CustomLabel.swift */ = {isa = PBXFileReference; lastKnownFileType = sourcecode.swift; path = CustomLabel.swift; sourceTree = "<group>"; };
		46E3EAC12806FB4A00667769 /* CustomStacks.swift */ = {isa = PBXFileReference; lastKnownFileType = sourcecode.swift; path = CustomStacks.swift; sourceTree = "<group>"; };
		46E3EAC42807327B00667769 /* CustomTextFields.swift */ = {isa = PBXFileReference; lastKnownFileType = sourcecode.swift; path = CustomTextFields.swift; sourceTree = "<group>"; };
		4C592B529F6D889F2BF6EFFB /* Pods_UBER_CLONE_UIKIT_TRAINING.framework */ = {isa = PBXFileReference; explicitFileType = wrapper.framework; includeInIndex = 0; path = Pods_UBER_CLONE_UIKIT_TRAINING.framework; sourceTree = BUILT_PRODUCTS_DIR; };
		C9FC5206EFD54EAD7F66100E /* Pods-UBER-CLONE-UIKIT-TRAINING.release.xcconfig */ = {isa = PBXFileReference; includeInIndex = 1; lastKnownFileType = text.xcconfig; name = "Pods-UBER-CLONE-UIKIT-TRAINING.release.xcconfig"; path = "Target Support Files/Pods-UBER-CLONE-UIKIT-TRAINING/Pods-UBER-CLONE-UIKIT-TRAINING.release.xcconfig"; sourceTree = "<group>"; };
/* End PBXFileReference section */

/* Begin PBXFrameworksBuildPhase section */
		46DE3EB3280618DB00068079 /* Frameworks */ = {
			isa = PBXFrameworksBuildPhase;
			buildActionMask = 2147483647;
			files = (
				030A7CAEA46ABF3C7941134C /* Pods_UBER_CLONE_UIKIT_TRAINING.framework in Frameworks */,
			);
			runOnlyForDeploymentPostprocessing = 0;
		};
/* End PBXFrameworksBuildPhase section */

/* Begin PBXGroup section */
		4617FFB5280962AC00C1A40E /* Model */ = {
			isa = PBXGroup;
			children = (
			);
			path = Model;
			sourceTree = "<group>";
		};
		4617FFB6280962B100C1A40E /* Service */ = {
			isa = PBXGroup;
			children = (
				4617FFB7280962C600C1A40E /* RegisterProtocol.swift */,
				4617FFB9280963B600C1A40E /* RegisterService.swift */,
			);
			path = Service;
			sourceTree = "<group>";
		};
		4617FFBB2809974900C1A40E /* Enums */ = {
			isa = PBXGroup;
			children = (
				4617FFBC2809975300C1A40E /* UserType.swift */,
			);
			path = Enums;
			sourceTree = "<group>";
		};
		4617FFCF2809B4BB00C1A40E /* Home */ = {
			isa = PBXGroup;
			children = (
				4617FFD42809B4F100C1A40E /* Model */,
				4617FFD32809B4ED00C1A40E /* Service */,
				4617FFD22809B4E600C1A40E /* View */,
				4617FFD12809B4DD00C1A40E /* Controller */,
			);
			path = Home;
			sourceTree = "<group>";
		};
		4617FFD12809B4DD00C1A40E /* Controller */ = {
			isa = PBXGroup;
			children = (
				4617FFD52809B50200C1A40E /* HomeViewController.swift */,
			);
			path = Controller;
			sourceTree = "<group>";
		};
		4617FFD22809B4E600C1A40E /* View */ = {
			isa = PBXGroup;
			children = (
				4617FFD92809FDB500C1A40E /* HomeView.swift */,
			);
			path = View;
			sourceTree = "<group>";
		};
		4617FFD32809B4ED00C1A40E /* Service */ = {
			isa = PBXGroup;
			children = (
				462317EB280AC42C009C613C /* HomeProtocol.swift */,
				462317EF280AC558009C613C /* HomeService.swift */,
			);
			path = Service;
			sourceTree = "<group>";
		};
		4617FFD42809B4F100C1A40E /* Model */ = {
			isa = PBXGroup;
			children = (
				462317ED280AC478009C613C /* UserModel.swift */,
			);
			path = Model;
			sourceTree = "<group>";
		};
		462317E8280AACE6009C613C /* TableCells */ = {
			isa = PBXGroup;
			children = (
				462317E9280AAD0C009C613C /* CellWithSubtitleTableViewCell.swift */,
			);
			path = TableCells;
			sourceTree = "<group>";
		};
		467780EB2808209E005FDF49 /* Buttons */ = {
			isa = PBXGroup;
			children = (
				467780EC280820B7005FDF49 /* RoundedRectangleButton.swift */,
			);
			path = Buttons;
			sourceTree = "<group>";
		};
		467780EE28082D9C005FDF49 /* Register */ = {
			isa = PBXGroup;
			children = (
				4617FFB6280962B100C1A40E /* Service */,
				4617FFB5280962AC00C1A40E /* Model */,
				467780F028082DB6005FDF49 /* Controller */,
				467780EF28082DB1005FDF49 /* View */,
			);
			path = Register;
			sourceTree = "<group>";
		};
		467780EF28082DB1005FDF49 /* View */ = {
			isa = PBXGroup;
			children = (
				4617FFC12809A42E00C1A40E /* RegisterView.swift */,
			);
			path = View;
			sourceTree = "<group>";
		};
		467780F028082DB6005FDF49 /* Controller */ = {
			isa = PBXGroup;
			children = (
				467780F128082DC6005FDF49 /* RegisterController.swift */,
			);
			path = Controller;
			sourceTree = "<group>";
		};
		46DE3EAD280618DB00068079 = {
			isa = PBXGroup;
			children = (
				46DE3EB8280618DB00068079 /* UBER-CLONE-UIKIT-TRAINING */,
				46DE3EB7280618DB00068079 /* Products */,
				7EB8BB1964C76EBB46B294BD /* Pods */,
				D50DA0535D7827CFF4AC605E /* Frameworks */,
			);
			sourceTree = "<group>";
		};
		46DE3EB7280618DB00068079 /* Products */ = {
			isa = PBXGroup;
			children = (
				46DE3EB6280618DB00068079 /* UBER-CLONE-UIKIT-TRAINING.app */,
			);
			name = Products;
			sourceTree = "<group>";
		};
		46DE3EB8280618DB00068079 /* UBER-CLONE-UIKIT-TRAINING */ = {
			isa = PBXGroup;
			children = (
				46DE3ECE2806190400068079 /* Feature */,
				46DE3ECD280618FF00068079 /* Core */,
				46DE3EB9280618DB00068079 /* AppDelegate.swift */,
				46DE3EBB280618DB00068079 /* SceneDelegate.swift */,
				4617FFC92809B13200C1A40E /* GoogleService-Info.plist */,
				46DE3EC2280618DC00068079 /* Assets.xcassets */,
				46DE3EC4280618DC00068079 /* LaunchScreen.storyboard */,
				46DE3EC7280618DC00068079 /* Info.plist */,
				46DE3EE028062B6500068079 /* Main.storyboard */,
			);
			path = "UBER-CLONE-UIKIT-TRAINING";
			sourceTree = "<group>";
		};
		46DE3ECD280618FF00068079 /* Core */ = {
			isa = PBXGroup;
			children = (
				46DE3EDC280619C000068079 /* Managers */,
				46DE3ED92806199F00068079 /* Utils */,
				46DE3ED82806199A00068079 /* SubViews */,
			);
			path = Core;
			sourceTree = "<group>";
		};
		46DE3ECE2806190400068079 /* Feature */ = {
			isa = PBXGroup;
			children = (
				46DE3ED12806191500068079 /* Views */,
				46DE3ECF2806190900068079 /* Product */,
			);
			path = Feature;
			sourceTree = "<group>";
		};
		46DE3ECF2806190900068079 /* Product */ = {
			isa = PBXGroup;
			children = (
				4617FFBB2809974900C1A40E /* Enums */,
				46DE3ED02806190F00068079 /* SubViews */,
				4610E844280B41EF007B0D3B /* GlobalVariables.swift */,
			);
			path = Product;
			sourceTree = "<group>";
		};
		46DE3ED02806190F00068079 /* SubViews */ = {
			isa = PBXGroup;
			children = (
				4617FFDB2809FDF600C1A40E /* LocationInputActivasionView.swift */,
				4617FFDD280A0F1F00C1A40E /* LocationInputView.swift */,
			);
			path = SubViews;
			sourceTree = "<group>";
		};
		46DE3ED12806191500068079 /* Views */ = {
			isa = PBXGroup;
			children = (
				4617FFCF2809B4BB00C1A40E /* Home */,
				467780EE28082D9C005FDF49 /* Register */,
				46DE3ED22806194000068079 /* Login */,
			);
			path = Views;
			sourceTree = "<group>";
		};
		46DE3ED22806194000068079 /* Login */ = {
			isa = PBXGroup;
			children = (
				46DE3ED72806195700068079 /* Service */,
				46DE3ED52806194C00068079 /* Model */,
				46DE3ED42806194900068079 /* View */,
				46DE3ED32806194300068079 /* Controller */,
			);
			path = Login;
			sourceTree = "<group>";
		};
		46DE3ED32806194300068079 /* Controller */ = {
			isa = PBXGroup;
			children = (
				46DE3EDE2806278E00068079 /* LoginController.swift */,
			);
			path = Controller;
			sourceTree = "<group>";
		};
		46DE3ED42806194900068079 /* View */ = {
			isa = PBXGroup;
			children = (
			);
			path = View;
			sourceTree = "<group>";
		};
		46DE3ED52806194C00068079 /* Model */ = {
			isa = PBXGroup;
			children = (
			);
			path = Model;
			sourceTree = "<group>";
		};
		46DE3ED72806195700068079 /* Service */ = {
			isa = PBXGroup;
			children = (
				4617FFCB2809B1D100C1A40E /* LoginProtocol.swift */,
				4617FFCD2809B21E00C1A40E /* LoginService.swift */,
			);
			path = Service;
			sourceTree = "<group>";
		};
		46DE3ED82806199A00068079 /* SubViews */ = {
			isa = PBXGroup;
			children = (
				462317E8280AACE6009C613C /* TableCells */,
				467780EB2808209E005FDF49 /* Buttons */,
				46E3EAC32807326100667769 /* TextFields */,
				46E3EAC02806FB2200667769 /* Stacks */,
				46E3EABD2806F6AD00667769 /* Labels */,
			);
			path = SubViews;
			sourceTree = "<group>";
		};
		46DE3ED92806199F00068079 /* Utils */ = {
			isa = PBXGroup;
			children = (
				46DE3EDB280619A700068079 /* Extensions */,
				46DE3EDA280619A400068079 /* Helpers */,
			);
			path = Utils;
			sourceTree = "<group>";
		};
		46DE3EDA280619A400068079 /* Helpers */ = {
			isa = PBXGroup;
			children = (
			);
			path = Helpers;
			sourceTree = "<group>";
		};
		46DE3EDB280619A700068079 /* Extensions */ = {
			isa = PBXGroup;
			children = (
				46DE3EE228063D4F00068079 /* UIViewExtensions.swift */,
			);
			path = Extensions;
			sourceTree = "<group>";
		};
		46DE3EDC280619C000068079 /* Managers */ = {
			isa = PBXGroup;
			children = (
				4617FFD72809FA0200C1A40E /* LocationManager.swift */,
			);
			path = Managers;
			sourceTree = "<group>";
		};
		46E3EABD2806F6AD00667769 /* Labels */ = {
			isa = PBXGroup;
			children = (
				46E3EABE2806F6C100667769 /* CustomLabel.swift */,
			);
			path = Labels;
			sourceTree = "<group>";
		};
		46E3EAC02806FB2200667769 /* Stacks */ = {
			isa = PBXGroup;
			children = (
				46E3EAC12806FB4A00667769 /* CustomStacks.swift */,
			);
			path = Stacks;
			sourceTree = "<group>";
		};
		46E3EAC32807326100667769 /* TextFields */ = {
			isa = PBXGroup;
			children = (
				46E3EAC42807327B00667769 /* CustomTextFields.swift */,
			);
			path = TextFields;
			sourceTree = "<group>";
		};
		7EB8BB1964C76EBB46B294BD /* Pods */ = {
			isa = PBXGroup;
			children = (
				221BDDD4F250B46C11C1CAFF /* Pods-UBER-CLONE-UIKIT-TRAINING.debug.xcconfig */,
				C9FC5206EFD54EAD7F66100E /* Pods-UBER-CLONE-UIKIT-TRAINING.release.xcconfig */,
			);
			path = Pods;
			sourceTree = "<group>";
		};
		D50DA0535D7827CFF4AC605E /* Frameworks */ = {
			isa = PBXGroup;
			children = (
				4C592B529F6D889F2BF6EFFB /* Pods_UBER_CLONE_UIKIT_TRAINING.framework */,
			);
			name = Frameworks;
			sourceTree = "<group>";
		};
/* End PBXGroup section */

/* Begin PBXNativeTarget section */
		46DE3EB5280618DB00068079 /* UBER-CLONE-UIKIT-TRAINING */ = {
			isa = PBXNativeTarget;
			buildConfigurationList = 46DE3ECA280618DC00068079 /* Build configuration list for PBXNativeTarget "UBER-CLONE-UIKIT-TRAINING" */;
			buildPhases = (
				D80905171078D64B4B9F0227 /* [CP] Check Pods Manifest.lock */,
				46DE3EB2280618DB00068079 /* Sources */,
				46DE3EB3280618DB00068079 /* Frameworks */,
				46DE3EB4280618DB00068079 /* Resources */,
				0BB7AD6DE4D7948006A67554 /* [CP] Embed Pods Frameworks */,
			);
			buildRules = (
			);
			dependencies = (
			);
			name = "UBER-CLONE-UIKIT-TRAINING";
			packageProductDependencies = (
			);
			productName = "UBER-CLONE-UIKIT-TRAINING";
			productReference = 46DE3EB6280618DB00068079 /* UBER-CLONE-UIKIT-TRAINING.app */;
			productType = "com.apple.product-type.application";
		};
/* End PBXNativeTarget section */

/* Begin PBXProject section */
		46DE3EAE280618DB00068079 /* Project object */ = {
			isa = PBXProject;
			attributes = {
				BuildIndependentTargetsInParallel = 1;
				LastSwiftUpdateCheck = 1330;
				LastUpgradeCheck = 1330;
				TargetAttributes = {
					46DE3EB5280618DB00068079 = {
						CreatedOnToolsVersion = 13.3;
					};
				};
			};
			buildConfigurationList = 46DE3EB1280618DB00068079 /* Build configuration list for PBXProject "UBER-CLONE-UIKIT-TRAINING" */;
			compatibilityVersion = "Xcode 13.0";
			developmentRegion = en;
			hasScannedForEncodings = 0;
			knownRegions = (
				en,
				Base,
			);
			mainGroup = 46DE3EAD280618DB00068079;
			packageReferences = (
			);
			productRefGroup = 46DE3EB7280618DB00068079 /* Products */;
			projectDirPath = "";
			projectRoot = "";
			targets = (
				46DE3EB5280618DB00068079 /* UBER-CLONE-UIKIT-TRAINING */,
			);
		};
/* End PBXProject section */

/* Begin PBXResourcesBuildPhase section */
		46DE3EB4280618DB00068079 /* Resources */ = {
			isa = PBXResourcesBuildPhase;
			buildActionMask = 2147483647;
			files = (
				46DE3EE128062B6500068079 /* Main.storyboard in Resources */,
				4617FFCA2809B13200C1A40E /* GoogleService-Info.plist in Resources */,
				46DE3EC6280618DC00068079 /* LaunchScreen.storyboard in Resources */,
				46DE3EC3280618DC00068079 /* Assets.xcassets in Resources */,
			);
			runOnlyForDeploymentPostprocessing = 0;
		};
/* End PBXResourcesBuildPhase section */

/* Begin PBXShellScriptBuildPhase section */
		0BB7AD6DE4D7948006A67554 /* [CP] Embed Pods Frameworks */ = {
			isa = PBXShellScriptBuildPhase;
			buildActionMask = 2147483647;
			files = (
			);
			inputFileListPaths = (
				"${PODS_ROOT}/Target Support Files/Pods-UBER-CLONE-UIKIT-TRAINING/Pods-UBER-CLONE-UIKIT-TRAINING-frameworks-${CONFIGURATION}-input-files.xcfilelist",
			);
			name = "[CP] Embed Pods Frameworks";
			outputFileListPaths = (
				"${PODS_ROOT}/Target Support Files/Pods-UBER-CLONE-UIKIT-TRAINING/Pods-UBER-CLONE-UIKIT-TRAINING-frameworks-${CONFIGURATION}-output-files.xcfilelist",
			);
			runOnlyForDeploymentPostprocessing = 0;
			shellPath = /bin/sh;
			shellScript = "\"${PODS_ROOT}/Target Support Files/Pods-UBER-CLONE-UIKIT-TRAINING/Pods-UBER-CLONE-UIKIT-TRAINING-frameworks.sh\"\n";
			showEnvVarsInLog = 0;
		};
		D80905171078D64B4B9F0227 /* [CP] Check Pods Manifest.lock */ = {
			isa = PBXShellScriptBuildPhase;
			buildActionMask = 2147483647;
			files = (
			);
			inputFileListPaths = (
			);
			inputPaths = (
				"${PODS_PODFILE_DIR_PATH}/Podfile.lock",
				"${PODS_ROOT}/Manifest.lock",
			);
			name = "[CP] Check Pods Manifest.lock";
			outputFileListPaths = (
			);
			outputPaths = (
				"$(DERIVED_FILE_DIR)/Pods-UBER-CLONE-UIKIT-TRAINING-checkManifestLockResult.txt",
			);
			runOnlyForDeploymentPostprocessing = 0;
			shellPath = /bin/sh;
			shellScript = "diff \"${PODS_PODFILE_DIR_PATH}/Podfile.lock\" \"${PODS_ROOT}/Manifest.lock\" > /dev/null\nif [ $? != 0 ] ; then\n    # print error to STDERR\n    echo \"error: The sandbox is not in sync with the Podfile.lock. Run 'pod install' or update your CocoaPods installation.\" >&2\n    exit 1\nfi\n# This output is used by Xcode 'outputs' to avoid re-running this script phase.\necho \"SUCCESS\" > \"${SCRIPT_OUTPUT_FILE_0}\"\n";
			showEnvVarsInLog = 0;
		};
/* End PBXShellScriptBuildPhase section */

/* Begin PBXSourcesBuildPhase section */
		46DE3EB2280618DB00068079 /* Sources */ = {
			isa = PBXSourcesBuildPhase;
			buildActionMask = 2147483647;
			files = (
				462317EC280AC42C009C613C /* HomeProtocol.swift in Sources */,
				46DE3EBA280618DB00068079 /* AppDelegate.swift in Sources */,
				4617FFD82809FA0200C1A40E /* LocationManager.swift in Sources */,
				467780ED280820B7005FDF49 /* RoundedRectangleButton.swift in Sources */,
				4617FFC22809A42E00C1A40E /* RegisterView.swift in Sources */,
				4617FFCC2809B1D100C1A40E /* LoginProtocol.swift in Sources */,
				462317F0280AC558009C613C /* HomeService.swift in Sources */,
				462317EA280AAD0C009C613C /* CellWithSubtitleTableViewCell.swift in Sources */,
				4617FFBD2809975300C1A40E /* UserType.swift in Sources */,
				462317EE280AC478009C613C /* UserModel.swift in Sources */,
				4617FFB8280962C600C1A40E /* RegisterProtocol.swift in Sources */,
				46E3EAC52807327B00667769 /* CustomTextFields.swift in Sources */,
				4617FFCE2809B21E00C1A40E /* LoginService.swift in Sources */,
				4617FFDA2809FDB500C1A40E /* HomeView.swift in Sources */,
				4610E845280B41EF007B0D3B /* GlobalVariables.swift in Sources */,
				46E3EAC22806FB4A00667769 /* CustomStacks.swift in Sources */,
				46E3EABF2806F6C100667769 /* CustomLabel.swift in Sources */,
				46DE3EDF2806278E00068079 /* LoginController.swift in Sources */,
				4617FFDC2809FDF600C1A40E /* LocationInputActivasionView.swift in Sources */,
				4617FFDE280A0F1F00C1A40E /* LocationInputView.swift in Sources */,
				4617FFD62809B50200C1A40E /* HomeViewController.swift in Sources */,
				4617FFBA280963B600C1A40E /* RegisterService.swift in Sources */,
				46DE3EE328063D4F00068079 /* UIViewExtensions.swift in Sources */,
				46DE3EBC280618DB00068079 /* SceneDelegate.swift in Sources */,
				467780F228082DC6005FDF49 /* RegisterController.swift in Sources */,
			);
			runOnlyForDeploymentPostprocessing = 0;
		};
/* End PBXSourcesBuildPhase section */

/* Begin PBXVariantGroup section */
		46DE3EC4280618DC00068079 /* LaunchScreen.storyboard */ = {
			isa = PBXVariantGroup;
			children = (
				46DE3EC5280618DC00068079 /* Base */,
			);
			name = LaunchScreen.storyboard;
			sourceTree = "<group>";
		};
/* End PBXVariantGroup section */

/* Begin XCBuildConfiguration section */
		46DE3EC8280618DC00068079 /* Debug */ = {
			isa = XCBuildConfiguration;
			buildSettings = {
				ALWAYS_SEARCH_USER_PATHS = NO;
				CLANG_ANALYZER_NONNULL = YES;
				CLANG_ANALYZER_NUMBER_OBJECT_CONVERSION = YES_AGGRESSIVE;
				CLANG_CXX_LANGUAGE_STANDARD = "gnu++17";
				CLANG_ENABLE_MODULES = YES;
				CLANG_ENABLE_OBJC_ARC = YES;
				CLANG_ENABLE_OBJC_WEAK = YES;
				CLANG_WARN_BLOCK_CAPTURE_AUTORELEASING = YES;
				CLANG_WARN_BOOL_CONVERSION = YES;
				CLANG_WARN_COMMA = YES;
				CLANG_WARN_CONSTANT_CONVERSION = YES;
				CLANG_WARN_DEPRECATED_OBJC_IMPLEMENTATIONS = YES;
				CLANG_WARN_DIRECT_OBJC_ISA_USAGE = YES_ERROR;
				CLANG_WARN_DOCUMENTATION_COMMENTS = YES;
				CLANG_WARN_EMPTY_BODY = YES;
				CLANG_WARN_ENUM_CONVERSION = YES;
				CLANG_WARN_INFINITE_RECURSION = YES;
				CLANG_WARN_INT_CONVERSION = YES;
				CLANG_WARN_NON_LITERAL_NULL_CONVERSION = YES;
				CLANG_WARN_OBJC_IMPLICIT_RETAIN_SELF = YES;
				CLANG_WARN_OBJC_LITERAL_CONVERSION = YES;
				CLANG_WARN_OBJC_ROOT_CLASS = YES_ERROR;
				CLANG_WARN_QUOTED_INCLUDE_IN_FRAMEWORK_HEADER = YES;
				CLANG_WARN_RANGE_LOOP_ANALYSIS = YES;
				CLANG_WARN_STRICT_PROTOTYPES = YES;
				CLANG_WARN_SUSPICIOUS_MOVE = YES;
				CLANG_WARN_UNGUARDED_AVAILABILITY = YES_AGGRESSIVE;
				CLANG_WARN_UNREACHABLE_CODE = YES;
				CLANG_WARN__DUPLICATE_METHOD_MATCH = YES;
				COPY_PHASE_STRIP = NO;
				DEBUG_INFORMATION_FORMAT = dwarf;
				ENABLE_STRICT_OBJC_MSGSEND = YES;
				ENABLE_TESTABILITY = YES;
				GCC_C_LANGUAGE_STANDARD = gnu11;
				GCC_DYNAMIC_NO_PIC = NO;
				GCC_NO_COMMON_BLOCKS = YES;
				GCC_OPTIMIZATION_LEVEL = 0;
				GCC_PREPROCESSOR_DEFINITIONS = (
					"DEBUG=1",
					"$(inherited)",
				);
				GCC_WARN_64_TO_32_BIT_CONVERSION = YES;
				GCC_WARN_ABOUT_RETURN_TYPE = YES_ERROR;
				GCC_WARN_UNDECLARED_SELECTOR = YES;
				GCC_WARN_UNINITIALIZED_AUTOS = YES_AGGRESSIVE;
				GCC_WARN_UNUSED_FUNCTION = YES;
				GCC_WARN_UNUSED_VARIABLE = YES;
				IPHONEOS_DEPLOYMENT_TARGET = 15.4;
				MTL_ENABLE_DEBUG_INFO = INCLUDE_SOURCE;
				MTL_FAST_MATH = YES;
				ONLY_ACTIVE_ARCH = YES;
				SDKROOT = iphoneos;
				SWIFT_ACTIVE_COMPILATION_CONDITIONS = DEBUG;
				SWIFT_OPTIMIZATION_LEVEL = "-Onone";
			};
			name = Debug;
		};
		46DE3EC9280618DC00068079 /* Release */ = {
			isa = XCBuildConfiguration;
			buildSettings = {
				ALWAYS_SEARCH_USER_PATHS = NO;
				CLANG_ANALYZER_NONNULL = YES;
				CLANG_ANALYZER_NUMBER_OBJECT_CONVERSION = YES_AGGRESSIVE;
				CLANG_CXX_LANGUAGE_STANDARD = "gnu++17";
				CLANG_ENABLE_MODULES = YES;
				CLANG_ENABLE_OBJC_ARC = YES;
				CLANG_ENABLE_OBJC_WEAK = YES;
				CLANG_WARN_BLOCK_CAPTURE_AUTORELEASING = YES;
				CLANG_WARN_BOOL_CONVERSION = YES;
				CLANG_WARN_COMMA = YES;
				CLANG_WARN_CONSTANT_CONVERSION = YES;
				CLANG_WARN_DEPRECATED_OBJC_IMPLEMENTATIONS = YES;
				CLANG_WARN_DIRECT_OBJC_ISA_USAGE = YES_ERROR;
				CLANG_WARN_DOCUMENTATION_COMMENTS = YES;
				CLANG_WARN_EMPTY_BODY = YES;
				CLANG_WARN_ENUM_CONVERSION = YES;
				CLANG_WARN_INFINITE_RECURSION = YES;
				CLANG_WARN_INT_CONVERSION = YES;
				CLANG_WARN_NON_LITERAL_NULL_CONVERSION = YES;
				CLANG_WARN_OBJC_IMPLICIT_RETAIN_SELF = YES;
				CLANG_WARN_OBJC_LITERAL_CONVERSION = YES;
				CLANG_WARN_OBJC_ROOT_CLASS = YES_ERROR;
				CLANG_WARN_QUOTED_INCLUDE_IN_FRAMEWORK_HEADER = YES;
				CLANG_WARN_RANGE_LOOP_ANALYSIS = YES;
				CLANG_WARN_STRICT_PROTOTYPES = YES;
				CLANG_WARN_SUSPICIOUS_MOVE = YES;
				CLANG_WARN_UNGUARDED_AVAILABILITY = YES_AGGRESSIVE;
				CLANG_WARN_UNREACHABLE_CODE = YES;
				CLANG_WARN__DUPLICATE_METHOD_MATCH = YES;
				COPY_PHASE_STRIP = NO;
				DEBUG_INFORMATION_FORMAT = "dwarf-with-dsym";
				ENABLE_NS_ASSERTIONS = NO;
				ENABLE_STRICT_OBJC_MSGSEND = YES;
				GCC_C_LANGUAGE_STANDARD = gnu11;
				GCC_NO_COMMON_BLOCKS = YES;
				GCC_WARN_64_TO_32_BIT_CONVERSION = YES;
				GCC_WARN_ABOUT_RETURN_TYPE = YES_ERROR;
				GCC_WARN_UNDECLARED_SELECTOR = YES;
				GCC_WARN_UNINITIALIZED_AUTOS = YES_AGGRESSIVE;
				GCC_WARN_UNUSED_FUNCTION = YES;
				GCC_WARN_UNUSED_VARIABLE = YES;
				IPHONEOS_DEPLOYMENT_TARGET = 15.4;
				MTL_ENABLE_DEBUG_INFO = NO;
				MTL_FAST_MATH = YES;
				SDKROOT = iphoneos;
				SWIFT_COMPILATION_MODE = wholemodule;
				SWIFT_OPTIMIZATION_LEVEL = "-O";
				VALIDATE_PRODUCT = YES;
			};
			name = Release;
		};
		46DE3ECB280618DC00068079 /* Debug */ = {
			isa = XCBuildConfiguration;
			baseConfigurationReference = 221BDDD4F250B46C11C1CAFF /* Pods-UBER-CLONE-UIKIT-TRAINING.debug.xcconfig */;
			buildSettings = {
				ASSETCATALOG_COMPILER_APPICON_NAME = AppIcon;
				ASSETCATALOG_COMPILER_GLOBAL_ACCENT_COLOR_NAME = AccentColor;
				CODE_SIGN_STYLE = Automatic;
				CURRENT_PROJECT_VERSION = 1;
				DEVELOPMENT_TEAM = 348T9RAC33;
				GENERATE_INFOPLIST_FILE = YES;
				INFOPLIST_FILE = "UBER-CLONE-UIKIT-TRAINING/Info.plist";
				INFOPLIST_KEY_UIApplicationSupportsIndirectInputEvents = YES;
				INFOPLIST_KEY_UILaunchStoryboardName = LaunchScreen;
				INFOPLIST_KEY_UISupportedInterfaceOrientations = UIInterfaceOrientationPortrait;
				INFOPLIST_KEY_UISupportedInterfaceOrientations_iPad = "UIInterfaceOrientationPortrait UIInterfaceOrientationPortraitUpsideDown UIInterfaceOrientationLandscapeLeft UIInterfaceOrientationLandscapeRight";
				INFOPLIST_KEY_UISupportedInterfaceOrientations_iPhone = "UIInterfaceOrientationPortrait UIInterfaceOrientationLandscapeLeft UIInterfaceOrientationLandscapeRight";
				LD_RUNPATH_SEARCH_PATHS = (
					"$(inherited)",
					"@executable_path/Frameworks",
				);
				MARKETING_VERSION = 1.0;
				PRODUCT_BUNDLE_IDENTIFIER = "com.meatlanosrep.UBER-CLONE-UIKIT-TRAINING";
				PRODUCT_NAME = "$(TARGET_NAME)";
				SWIFT_EMIT_LOC_STRINGS = YES;
				SWIFT_VERSION = 5.0;
				TARGETED_DEVICE_FAMILY = "1,2";
			};
			name = Debug;
		};
		46DE3ECC280618DC00068079 /* Release */ = {
			isa = XCBuildConfiguration;
			baseConfigurationReference = C9FC5206EFD54EAD7F66100E /* Pods-UBER-CLONE-UIKIT-TRAINING.release.xcconfig */;
			buildSettings = {
				ASSETCATALOG_COMPILER_APPICON_NAME = AppIcon;
				ASSETCATALOG_COMPILER_GLOBAL_ACCENT_COLOR_NAME = AccentColor;
				CODE_SIGN_STYLE = Automatic;
				CURRENT_PROJECT_VERSION = 1;
				DEVELOPMENT_TEAM = 348T9RAC33;
				GENERATE_INFOPLIST_FILE = YES;
				INFOPLIST_FILE = "UBER-CLONE-UIKIT-TRAINING/Info.plist";
				INFOPLIST_KEY_UIApplicationSupportsIndirectInputEvents = YES;
				INFOPLIST_KEY_UILaunchStoryboardName = LaunchScreen;
				INFOPLIST_KEY_UISupportedInterfaceOrientations = UIInterfaceOrientationPortrait;
				INFOPLIST_KEY_UISupportedInterfaceOrientations_iPad = "UIInterfaceOrientationPortrait UIInterfaceOrientationPortraitUpsideDown UIInterfaceOrientationLandscapeLeft UIInterfaceOrientationLandscapeRight";
				INFOPLIST_KEY_UISupportedInterfaceOrientations_iPhone = "UIInterfaceOrientationPortrait UIInterfaceOrientationLandscapeLeft UIInterfaceOrientationLandscapeRight";
				LD_RUNPATH_SEARCH_PATHS = (
					"$(inherited)",
					"@executable_path/Frameworks",
				);
				MARKETING_VERSION = 1.0;
				PRODUCT_BUNDLE_IDENTIFIER = "com.meatlanosrep.UBER-CLONE-UIKIT-TRAINING";
				PRODUCT_NAME = "$(TARGET_NAME)";
				SWIFT_EMIT_LOC_STRINGS = YES;
				SWIFT_VERSION = 5.0;
				TARGETED_DEVICE_FAMILY = "1,2";
			};
			name = Release;
		};
/* End XCBuildConfiguration section */

/* Begin XCConfigurationList section */
		46DE3EB1280618DB00068079 /* Build configuration list for PBXProject "UBER-CLONE-UIKIT-TRAINING" */ = {
			isa = XCConfigurationList;
			buildConfigurations = (
				46DE3EC8280618DC00068079 /* Debug */,
				46DE3EC9280618DC00068079 /* Release */,
			);
			defaultConfigurationIsVisible = 0;
			defaultConfigurationName = Release;
		};
		46DE3ECA280618DC00068079 /* Build configuration list for PBXNativeTarget "UBER-CLONE-UIKIT-TRAINING" */ = {
			isa = XCConfigurationList;
			buildConfigurations = (
				46DE3ECB280618DC00068079 /* Debug */,
				46DE3ECC280618DC00068079 /* Release */,
			);
			defaultConfigurationIsVisible = 0;
			defaultConfigurationName = Release;
		};
/* End XCConfigurationList section */
	};
	rootObject = 46DE3EAE280618DB00068079 /* Project object */;
}
